
Microsoft Visual Studio Solution File, Format Version 12.00
# Visual Studio Version 16
VisualStudioVersion = 16.0.29709.97
MinimumVisualStudioVersion = 10.0.40219.1
Project("{FAE04EC0-301F-11D3-BF4B-00C04F79EFBC}") = "HasASecret", "HasASecret\HasASecret.csproj", "{AE091008-D13D-49B2-A44E-A25C3BDE803C}"
EndProject
Global
	GlobalSection(SolutionConfigurationPlatforms) = preSolution
		Debug|Any CPU = Debug|Any CPU
		Release|Any CPU = Release|Any CPU
	EndGlobalSection
	GlobalSection(ProjectConfigurationPlatforms) = postSolution
		{AE091008-D13D-49B2-A44E-A25C3BDE803C}.Debug|Any CPU.ActiveCfg = Debug|Any CPU
		{AE091008-D13D-49B2-A44E-A25C3BDE803C}.Debug|Any CPU.Build.0 = Debug|Any CPU
		{AE091008-D13D-49B2-A44E-A25C3BDE803C}.Release|Any CPU.ActiveCfg = Release|Any CPU
		{AE091008-D13D-49B2-A44E-A25C3BDE803C}.Release|Any CPU.Build.0 = Release|Any CPU
	EndGlobalSection
	GlobalSection(SolutionProperties) = preSolution
		HideSolutionNode = FALSE
	EndGlobalSection
	GlobalSection(ExtensibilityGlobals) = postSolution
		SolutionGuid = {3CA3CAFF-02E3-4224-9D6E-04CB44AB2128}
	EndGlobalSection
EndGlobal
